// !$*UTF8*$!
{
	archiveVersion = 1;
	classes = {
	};
	objectVersion = 46;
	objects = {

/* Begin PBXBuildFile section */
		16181AF21E3C000F00E7E8A6 /* SMLRSettingsChecker.m in Sources */ = {isa = PBXBuildFile; fileRef = 16181AF11E3C000F00E7E8A6 /* SMLRSettingsChecker.m */; };
		166260091E2AEB2500F6D6B3 /* SMLRAlert.m in Sources */ = {isa = PBXBuildFile; fileRef = 166260081E2AEB2500F6D6B3 /* SMLRAlert.m */; };
		1683D36222AF0FF0009CB002 /* letsencryptca.der in Resources */ = {isa = PBXBuildFile; fileRef = 1683D36122AF0FF0009CB002 /* letsencryptca.der */; };
		169D8EB71B72A5E6005417DD /* libiconv.dylib in Frameworks */ = {isa = PBXBuildFile; fileRef = 169D8EB61B72A5E6005417DD /* libiconv.dylib */; };
		16A99B4A1CD0291700C85B86 /* libc++.1.tbd in Frameworks */ = {isa = PBXBuildFile; fileRef = 16A99B491CD0291700C85B86 /* libc++.1.tbd */; };
		16B04B911CF24D3500A61C15 /* SMLRMissedCallLocalNotification.m in Sources */ = {isa = PBXBuildFile; fileRef = 16B04B901CF24D3500A61C15 /* SMLRMissedCallLocalNotification.m */; };
		16B0A78D23BA955A00D38D27 /* Intents.framework in Frameworks */ = {isa = PBXBuildFile; fileRef = 16B0A78C23BA955A00D38D27 /* Intents.framework */; };
		16B21E851D248DFC00EF2236 /* VideoToolbox.framework in Frameworks */ = {isa = PBXBuildFile; fileRef = 16B21E841D248DFC00EF2236 /* VideoToolbox.framework */; };
		16B73BED1E29A44F000B0FD3 /* SMLRNoAddressBookPermissionViewController.m in Sources */ = {isa = PBXBuildFile; fileRef = 16B73BEC1E29A44F000B0FD3 /* SMLRNoAddressBookPermissionViewController.m */; };
		16BFF5D21BAB75DD00DA1F9C /* AVKit.framework in Frameworks */ = {isa = PBXBuildFile; fileRef = 16BFF5D11BAB75DD00DA1F9C /* AVKit.framework */; };
		16D3F10F23B4CDB1009B6131 /* CallKit.framework in Frameworks */ = {isa = PBXBuildFile; fileRef = 16D3F10E23B4CDB1009B6131 /* CallKit.framework */; };
		16D3F11623B4D951009B6131 /* SMLRProviderDelegate.m in Sources */ = {isa = PBXBuildFile; fileRef = 16D3F11523B4D951009B6131 /* SMLRProviderDelegate.m */; };
		16E341B322BCEAAC0046EDE8 /* linphonerc in Resources */ = {isa = PBXBuildFile; fileRef = 16E341B222BCEAAC0046EDE8 /* linphonerc */; };
		16E5C9551E6C957C0000FF4E /* SMLRContacts.m in Sources */ = {isa = PBXBuildFile; fileRef = 16E5C9541E6C957C0000FF4E /* SMLRContacts.m */; };
		33155BDA911B5BED2143D1FA /* Pods_Simlar.framework in Frameworks */ = {isa = PBXBuildFile; fileRef = E5B1C40DBF6FBC410AE24769 /* Pods_Simlar.framework */; };
		3B093E2B1A2D175400690BA4 /* LaunchScreen.xib in Resources */ = {isa = PBXBuildFile; fileRef = 3B093E291A2D175400690BA4 /* LaunchScreen.xib */; };
		3B1FC17F19B7ABCA00A81C4C /* SMLRStorePushId.m in Sources */ = {isa = PBXBuildFile; fileRef = 3B1FC17E19B7ABCA00A81C4C /* SMLRStorePushId.m */; };
		3B22BE781AF5280200C52A21 /* SMLRMicrophoneStatus.m in Sources */ = {isa = PBXBuildFile; fileRef = 3B22BE771AF5280200C52A21 /* SMLRMicrophoneStatus.m */; };
		3B29EDD519DA64DB00417164 /* SMLRContact.m in Sources */ = {isa = PBXBuildFile; fileRef = 3B29EDD419DA64DB00417164 /* SMLRContact.m */; };
		3B31C12519AAE57A009A78FD /* SMLRPhoneNumber.m in Sources */ = {isa = PBXBuildFile; fileRef = 3B31C12419AAE57A009A78FD /* SMLRPhoneNumber.m */; };
		3B31C12A19ABC50F009A78FD /* SMLRGetContactStatus.m in Sources */ = {isa = PBXBuildFile; fileRef = 3B31C12919ABC50F009A78FD /* SMLRGetContactStatus.m */; };
		3B326A961A1F055D0085F9A7 /* SMLRHttpsPostError.m in Sources */ = {isa = PBXBuildFile; fileRef = 3B326A951A1F055D0085F9A7 /* SMLRHttpsPostError.m */; };
		3B3D3A1319996F5E0066F6C4 /* CoreMedia.framework in Frameworks */ = {isa = PBXBuildFile; fileRef = 3B3D3A1219996F5E0066F6C4 /* CoreMedia.framework */; };
		3B3D3A1519996F720066F6C4 /* AVFoundation.framework in Frameworks */ = {isa = PBXBuildFile; fileRef = 3B3D3A1419996F720066F6C4 /* AVFoundation.framework */; };
		3B3D3A1719996F850066F6C4 /* AudioToolbox.framework in Frameworks */ = {isa = PBXBuildFile; fileRef = 3B3D3A1619996F850066F6C4 /* AudioToolbox.framework */; };
		3B3D3A1919996FB50066F6C4 /* libsqlite3.dylib in Frameworks */ = {isa = PBXBuildFile; fileRef = 3B3D3A1819996FB50066F6C4 /* libsqlite3.dylib */; };
		3B3D3A1B19996FD50066F6C4 /* libresolv.dylib in Frameworks */ = {isa = PBXBuildFile; fileRef = 3B3D3A1A19996FD50066F6C4 /* libresolv.dylib */; };
		3B3FD31419A94515002009EA /* Settings.bundle in Resources */ = {isa = PBXBuildFile; fileRef = 3B3FD31319A94515002009EA /* Settings.bundle */; };
		3B3FD31919AA5A5B002009EA /* SMLRContactsProvider.m in Sources */ = {isa = PBXBuildFile; fileRef = 3B3FD31819AA5A5B002009EA /* SMLRContactsProvider.m */; };
		3B4538A41997E7EF00DC58C5 /* SMLRSettings.m in Sources */ = {isa = PBXBuildFile; fileRef = 3B4538A31997E7EF00DC58C5 /* SMLRSettings.m */; };
		3B46D30219DE3F22003A55E4 /* SMLRContactsProviderStatus.m in Sources */ = {isa = PBXBuildFile; fileRef = 3B46D30119DE3F22003A55E4 /* SMLRContactsProviderStatus.m */; };
		3B4CA1C619CBF2E40006BA1A /* SMLRLogFormatter.m in Sources */ = {isa = PBXBuildFile; fileRef = 3B4CA1C519CBF2E40006BA1A /* SMLRLogFormatter.m */; };
		3B4CA66319E0DC9F00019519 /* SMLRLog.m in Sources */ = {isa = PBXBuildFile; fileRef = 3B4CA66219E0DC9F00019519 /* SMLRLog.m */; };
		3B528A981A08901800FB0624 /* button_background_color.png in Resources */ = {isa = PBXBuildFile; fileRef = 3B528A971A08901800FB0624 /* button_background_color.png */; };
		3B528A9A1A08933800FB0624 /* button_background_color_highlighted.png in Resources */ = {isa = PBXBuildFile; fileRef = 3B528A991A08933800FB0624 /* button_background_color_highlighted.png */; };
		3B5CEDA019FBD45000C4FF93 /* SMLRNetworkQuality.m in Sources */ = {isa = PBXBuildFile; fileRef = 3B5CED9F19FBD45000C4FF93 /* SMLRNetworkQuality.m */; };
		3B6FDD0019EE6DBA004A8A39 /* SMLRReportBug.m in Sources */ = {isa = PBXBuildFile; fileRef = 3B6FDCFF19EE6DBA004A8A39 /* SMLRReportBug.m */; };
		3B86CEBA1B23485F00175F4B /* SMLRAudioOutputType.m in Sources */ = {isa = PBXBuildFile; fileRef = 3B86CEB91B23485F00175F4B /* SMLRAudioOutputType.m */; };
		3B890C8D19C17DD2007FC1CC /* ringtone.wav in Resources */ = {isa = PBXBuildFile; fileRef = 3B890C8C19C17DD2007FC1CC /* ringtone.wav */; };
		3B902C621A09E2750048B19C /* button_background_color_red.png in Resources */ = {isa = PBXBuildFile; fileRef = 3B902C611A09E2750048B19C /* button_background_color_red.png */; };
		3B902C641A09E3320048B19C /* button_background_color_red_highlighted.png in Resources */ = {isa = PBXBuildFile; fileRef = 3B902C631A09E3320048B19C /* button_background_color_red_highlighted.png */; };
		3B91431919D0FFD9005BABAD /* SMLRLinphoneHandlerStatus.m in Sources */ = {isa = PBXBuildFile; fileRef = 3B91431819D0FFD9005BABAD /* SMLRLinphoneHandlerStatus.m */; };
		3B91431C19D1015A005BABAD /* SMLRCallStatus.m in Sources */ = {isa = PBXBuildFile; fileRef = 3B91431B19D1015A005BABAD /* SMLRCallStatus.m */; };
		3BA3DF231998D4D30050E19B /* SMLRCallViewController.m in Sources */ = {isa = PBXBuildFile; fileRef = 3BA3DF221998D4D30050E19B /* SMLRCallViewController.m */; };
		3BA3DF2619993A490050E19B /* SMLRLinphoneHandler.m in Sources */ = {isa = PBXBuildFile; fileRef = 3BA3DF2519993A490050E19B /* SMLRLinphoneHandler.m */; };
		3BAB8EFD1991819300677B71 /* SMLRCreateAccountViewController.m in Sources */ = {isa = PBXBuildFile; fileRef = 3BAB8EFC1991819300677B71 /* SMLRCreateAccountViewController.m */; };
		3BAB8F041993ED6300677B71 /* SMLRHttpsPost.m in Sources */ = {isa = PBXBuildFile; fileRef = 3BAB8F031993ED6300677B71 /* SMLRHttpsPost.m */; };
		3BB09E5819FB9C0E0062BA43 /* PushKit.framework in Frameworks */ = {isa = PBXBuildFile; fileRef = 3BB09E5719FB9C0E0062BA43 /* PushKit.framework */; settings = {ATTRIBUTES = (Required, ); }; };
		3BB653F6199060FB007655F8 /* Foundation.framework in Frameworks */ = {isa = PBXBuildFile; fileRef = 3BB653F5199060FB007655F8 /* Foundation.framework */; };
		3BB653F8199060FB007655F8 /* CoreGraphics.framework in Frameworks */ = {isa = PBXBuildFile; fileRef = 3BB653F7199060FB007655F8 /* CoreGraphics.framework */; };
		3BB653FA199060FB007655F8 /* UIKit.framework in Frameworks */ = {isa = PBXBuildFile; fileRef = 3BB653F9199060FB007655F8 /* UIKit.framework */; };
		3BB65400199060FB007655F8 /* InfoPlist.strings in Resources */ = {isa = PBXBuildFile; fileRef = 3BB653FE199060FB007655F8 /* InfoPlist.strings */; };
		3BB65402199060FB007655F8 /* main.m in Sources */ = {isa = PBXBuildFile; fileRef = 3BB65401199060FB007655F8 /* main.m */; };
		3BB65406199060FB007655F8 /* SMLRAppDelegate.m in Sources */ = {isa = PBXBuildFile; fileRef = 3BB65405199060FB007655F8 /* SMLRAppDelegate.m */; };
		3BB65409199060FB007655F8 /* Main.storyboard in Resources */ = {isa = PBXBuildFile; fileRef = 3BB65407199060FB007655F8 /* Main.storyboard */; };
		3BB6540F199060FB007655F8 /* SMLRAgreeViewController.m in Sources */ = {isa = PBXBuildFile; fileRef = 3BB6540E199060FB007655F8 /* SMLRAgreeViewController.m */; };
		3BB65411199060FB007655F8 /* Images.xcassets in Resources */ = {isa = PBXBuildFile; fileRef = 3BB65410199060FB007655F8 /* Images.xcassets */; };
		3BB65419199060FB007655F8 /* Foundation.framework in Frameworks */ = {isa = PBXBuildFile; fileRef = 3BB653F5199060FB007655F8 /* Foundation.framework */; };
		3BB6541A199060FB007655F8 /* UIKit.framework in Frameworks */ = {isa = PBXBuildFile; fileRef = 3BB653F9199060FB007655F8 /* UIKit.framework */; };
		3BB65422199060FB007655F8 /* InfoPlist.strings in Resources */ = {isa = PBXBuildFile; fileRef = 3BB65420199060FB007655F8 /* InfoPlist.strings */; };
		3BB65424199060FB007655F8 /* SimlarTests.m in Sources */ = {isa = PBXBuildFile; fileRef = 3BB65423199060FB007655F8 /* SimlarTests.m */; };
		3BB8744119ECF84B008B0845 /* SMLRUploadLogFile.m in Sources */ = {isa = PBXBuildFile; fileRef = 3BB8744019ECF84B008B0845 /* SMLRUploadLogFile.m */; };
		3BB8744419EE3D92008B0845 /* SMLRStringCategory.m in Sources */ = {isa = PBXBuildFile; fileRef = 3BB8744319EE3D92008B0845 /* SMLRStringCategory.m */; };
		3BBA84B519F5C2A800D11910 /* waiting_for_contact.wav in Resources */ = {isa = PBXBuildFile; fileRef = 3BBA84B419F5C2A800D11910 /* waiting_for_contact.wav */; };
		3BBA84B819F5CB0400D11910 /* SMLRCallSoundManager.m in Sources */ = {isa = PBXBuildFile; fileRef = 3BBA84B719F5CB0400D11910 /* SMLRCallSoundManager.m */; };
		3BBA84BA19F5E89600D11910 /* encryption_handshake.wav in Resources */ = {isa = PBXBuildFile; fileRef = 3BBA84B919F5E89600D11910 /* encryption_handshake.wav */; };
		3BE643F71A32346A003A3D89 /* pause.wav in Resources */ = {isa = PBXBuildFile; fileRef = 3BE643F61A32346A003A3D89 /* pause.wav */; };
		3BECFDC21A64095F00A6EE4B /* libz.dylib in Frameworks */ = {isa = PBXBuildFile; fileRef = 3BECFDC11A64095E00A6EE4B /* libz.dylib */; };
		3BF86BDC199597A6003A08C4 /* SMLRCreateAccount.m in Sources */ = {isa = PBXBuildFile; fileRef = 3BF86BDB199597A6003A08C4 /* SMLRCreateAccount.m */; };
		3BF86BDF1996E10A003A08C4 /* SMLRVerifyNumberViewController.m in Sources */ = {isa = PBXBuildFile; fileRef = 3BF86BDE1996E10A003A08C4 /* SMLRVerifyNumberViewController.m */; };
		3BF86BE2199718B4003A08C4 /* SMLRKeychain.m in Sources */ = {isa = PBXBuildFile; fileRef = 3BF86BE1199718B4003A08C4 /* SMLRKeychain.m */; };
		3BF86BEB19973BBA003A08C4 /* SMLRCredentials.m in Sources */ = {isa = PBXBuildFile; fileRef = 3BF86BEA19973BBA003A08C4 /* SMLRCredentials.m */; };
		3BF86BEE199757F1003A08C4 /* SMLRAddressBookViewController.m in Sources */ = {isa = PBXBuildFile; fileRef = 3BF86BED199757F1003A08C4 /* SMLRAddressBookViewController.m */; };
		3BFB5B5219C2ECE3003132FC /* ringback.wav in Resources */ = {isa = PBXBuildFile; fileRef = 3BFB5B5119C2ECE3003132FC /* ringback.wav */; };
		3BFB5B5619C2EEA7003132FC /* SMLRPhoneManager.m in Sources */ = {isa = PBXBuildFile; fileRef = 3BFB5B5519C2EEA7003132FC /* SMLRPhoneManager.m */; };
		3BFB5B5A19C92D9E003132FC /* SMLRPushNotifications.m in Sources */ = {isa = PBXBuildFile; fileRef = 3BFB5B5919C92D9E003132FC /* SMLRPushNotifications.m */; };
		98B1E21EE8FE061532719FC3 /* Pods_SimlarTests.framework in Frameworks */ = {isa = PBXBuildFile; fileRef = BB930DB4B86F7562BE26F9E2 /* Pods_SimlarTests.framework */; };
/* End PBXBuildFile section */

/* Begin PBXContainerItemProxy section */
		3BB6541B199060FB007655F8 /* PBXContainerItemProxy */ = {
			isa = PBXContainerItemProxy;
			containerPortal = 3BB653EA199060FB007655F8 /* Project object */;
			proxyType = 1;
			remoteGlobalIDString = 3BB653F1199060FB007655F8;
			remoteInfo = Simlar;
		};
/* End PBXContainerItemProxy section */

/* Begin PBXFileReference section */
		16181AF01E3C000F00E7E8A6 /* SMLRSettingsChecker.h */ = {isa = PBXFileReference; fileEncoding = 4; lastKnownFileType = sourcecode.c.h; path = SMLRSettingsChecker.h; sourceTree = "<group>"; };
		16181AF11E3C000F00E7E8A6 /* SMLRSettingsChecker.m */ = {isa = PBXFileReference; fileEncoding = 4; lastKnownFileType = sourcecode.c.objc; path = SMLRSettingsChecker.m; sourceTree = "<group>"; };
		1619DB041D9C74C00002A4E7 /* Simlar.entitlements */ = {isa = PBXFileReference; lastKnownFileType = text.plist.entitlements; path = Simlar.entitlements; sourceTree = "<group>"; };
		166260071E2AEB2500F6D6B3 /* SMLRAlert.h */ = {isa = PBXFileReference; fileEncoding = 4; lastKnownFileType = sourcecode.c.h; path = SMLRAlert.h; sourceTree = "<group>"; };
		166260081E2AEB2500F6D6B3 /* SMLRAlert.m */ = {isa = PBXFileReference; fileEncoding = 4; lastKnownFileType = sourcecode.c.objc; path = SMLRAlert.m; sourceTree = "<group>"; };
		1683D36122AF0FF0009CB002 /* letsencryptca.der */ = {isa = PBXFileReference; lastKnownFileType = file; path = letsencryptca.der; sourceTree = "<group>"; };
		168F53C61D00E92500C5A81A /* SMLRRingtone.h */ = {isa = PBXFileReference; lastKnownFileType = sourcecode.c.h; path = SMLRRingtone.h; sourceTree = "<group>"; };
		169D8EB61B72A5E6005417DD /* libiconv.dylib */ = {isa = PBXFileReference; lastKnownFileType = "compiled.mach-o.dylib"; name = libiconv.dylib; path = usr/lib/libiconv.dylib; sourceTree = SDKROOT; };
		16A99B491CD0291700C85B86 /* libc++.1.tbd */ = {isa = PBXFileReference; lastKnownFileType = "sourcecode.text-based-dylib-definition"; name = "libc++.1.tbd"; path = "usr/lib/libc++.1.tbd"; sourceTree = SDKROOT; };
		16A99B4B1CD0292400C85B86 /* libstdc++.6.tbd */ = {isa = PBXFileReference; lastKnownFileType = "sourcecode.text-based-dylib-definition"; name = "libstdc++.6.tbd"; path = "usr/lib/libstdc++.6.tbd"; sourceTree = SDKROOT; };
		16B04B8F1CF24D3500A61C15 /* SMLRMissedCallLocalNotification.h */ = {isa = PBXFileReference; fileEncoding = 4; lastKnownFileType = sourcecode.c.h; path = SMLRMissedCallLocalNotification.h; sourceTree = "<group>"; };
		16B04B901CF24D3500A61C15 /* SMLRMissedCallLocalNotification.m */ = {isa = PBXFileReference; fileEncoding = 4; lastKnownFileType = sourcecode.c.objc; path = SMLRMissedCallLocalNotification.m; sourceTree = "<group>"; };
		16B0A78C23BA955A00D38D27 /* Intents.framework */ = {isa = PBXFileReference; lastKnownFileType = wrapper.framework; name = Intents.framework; path = System/Library/Frameworks/Intents.framework; sourceTree = SDKROOT; };
		16B21E841D248DFC00EF2236 /* VideoToolbox.framework */ = {isa = PBXFileReference; lastKnownFileType = wrapper.framework; name = VideoToolbox.framework; path = System/Library/Frameworks/VideoToolbox.framework; sourceTree = SDKROOT; };
		16B73BEB1E29A44F000B0FD3 /* SMLRNoAddressBookPermissionViewController.h */ = {isa = PBXFileReference; fileEncoding = 4; lastKnownFileType = sourcecode.c.h; path = SMLRNoAddressBookPermissionViewController.h; sourceTree = "<group>"; };
		16B73BEC1E29A44F000B0FD3 /* SMLRNoAddressBookPermissionViewController.m */ = {isa = PBXFileReference; fileEncoding = 4; lastKnownFileType = sourcecode.c.objc; path = SMLRNoAddressBookPermissionViewController.m; sourceTree = "<group>"; };
		16B73BEE1E29BDFE000B0FD3 /* SMLRNoAddressBookPermissionViewControllerDelegate.h */ = {isa = PBXFileReference; lastKnownFileType = sourcecode.c.h; path = SMLRNoAddressBookPermissionViewControllerDelegate.h; sourceTree = "<group>"; };
		16BFF5D11BAB75DD00DA1F9C /* AVKit.framework */ = {isa = PBXFileReference; lastKnownFileType = wrapper.framework; name = AVKit.framework; path = System/Library/Frameworks/AVKit.framework; sourceTree = SDKROOT; };
		16D3F10E23B4CDB1009B6131 /* CallKit.framework */ = {isa = PBXFileReference; lastKnownFileType = wrapper.framework; name = CallKit.framework; path = System/Library/Frameworks/CallKit.framework; sourceTree = SDKROOT; };
		16D3F11423B4D951009B6131 /* SMLRProviderDelegate.h */ = {isa = PBXFileReference; lastKnownFileType = sourcecode.c.h; path = SMLRProviderDelegate.h; sourceTree = "<group>"; };
		16D3F11523B4D951009B6131 /* SMLRProviderDelegate.m */ = {isa = PBXFileReference; lastKnownFileType = sourcecode.c.objc; path = SMLRProviderDelegate.m; sourceTree = "<group>"; };
		16E341B222BCEAAC0046EDE8 /* linphonerc */ = {isa = PBXFileReference; fileEncoding = 4; lastKnownFileType = text; path = linphonerc; sourceTree = "<group>"; };
		16E5C9531E6C957C0000FF4E /* SMLRContacts.h */ = {isa = PBXFileReference; fileEncoding = 4; lastKnownFileType = sourcecode.c.h; path = SMLRContacts.h; sourceTree = "<group>"; };
		16E5C9541E6C957C0000FF4E /* SMLRContacts.m */ = {isa = PBXFileReference; fileEncoding = 4; lastKnownFileType = sourcecode.c.objc; path = SMLRContacts.m; sourceTree = "<group>"; };
		3B093E2A1A2D175400690BA4 /* Base */ = {isa = PBXFileReference; lastKnownFileType = file.xib; name = Base; path = Base.lproj/LaunchScreen.xib; sourceTree = "<group>"; };
		3B1FC17D19B7ABCA00A81C4C /* SMLRStorePushId.h */ = {isa = PBXFileReference; fileEncoding = 4; lastKnownFileType = sourcecode.c.h; path = SMLRStorePushId.h; sourceTree = "<group>"; };
		3B1FC17E19B7ABCA00A81C4C /* SMLRStorePushId.m */ = {isa = PBXFileReference; fileEncoding = 4; lastKnownFileType = sourcecode.c.objc; path = SMLRStorePushId.m; sourceTree = "<group>"; };
		3B22BE761AF5280200C52A21 /* SMLRMicrophoneStatus.h */ = {isa = PBXFileReference; fileEncoding = 4; lastKnownFileType = sourcecode.c.h; path = SMLRMicrophoneStatus.h; sourceTree = "<group>"; };
		3B22BE771AF5280200C52A21 /* SMLRMicrophoneStatus.m */ = {isa = PBXFileReference; fileEncoding = 4; lastKnownFileType = sourcecode.c.objc; path = SMLRMicrophoneStatus.m; sourceTree = "<group>"; };
		3B29EDD319DA64DB00417164 /* SMLRContact.h */ = {isa = PBXFileReference; fileEncoding = 4; lastKnownFileType = sourcecode.c.h; path = SMLRContact.h; sourceTree = "<group>"; };
		3B29EDD419DA64DB00417164 /* SMLRContact.m */ = {isa = PBXFileReference; fileEncoding = 4; lastKnownFileType = sourcecode.c.objc; path = SMLRContact.m; sourceTree = "<group>"; };
		3B31C12319AAE57A009A78FD /* SMLRPhoneNumber.h */ = {isa = PBXFileReference; fileEncoding = 4; lastKnownFileType = sourcecode.c.h; path = SMLRPhoneNumber.h; sourceTree = "<group>"; };
		3B31C12419AAE57A009A78FD /* SMLRPhoneNumber.m */ = {isa = PBXFileReference; fileEncoding = 4; lastKnownFileType = sourcecode.c.objc; path = SMLRPhoneNumber.m; sourceTree = "<group>"; };
		3B31C12819ABC50F009A78FD /* SMLRGetContactStatus.h */ = {isa = PBXFileReference; fileEncoding = 4; lastKnownFileType = sourcecode.c.h; path = SMLRGetContactStatus.h; sourceTree = "<group>"; };
		3B31C12919ABC50F009A78FD /* SMLRGetContactStatus.m */ = {isa = PBXFileReference; fileEncoding = 4; lastKnownFileType = sourcecode.c.objc; path = SMLRGetContactStatus.m; sourceTree = "<group>"; };
		3B326A941A1F055D0085F9A7 /* SMLRHttpsPostError.h */ = {isa = PBXFileReference; fileEncoding = 4; lastKnownFileType = sourcecode.c.h; path = SMLRHttpsPostError.h; sourceTree = "<group>"; };
		3B326A951A1F055D0085F9A7 /* SMLRHttpsPostError.m */ = {isa = PBXFileReference; fileEncoding = 4; lastKnownFileType = sourcecode.c.objc; path = SMLRHttpsPostError.m; sourceTree = "<group>"; };
		3B3D3A1219996F5E0066F6C4 /* CoreMedia.framework */ = {isa = PBXFileReference; lastKnownFileType = wrapper.framework; name = CoreMedia.framework; path = System/Library/Frameworks/CoreMedia.framework; sourceTree = SDKROOT; };
		3B3D3A1419996F720066F6C4 /* AVFoundation.framework */ = {isa = PBXFileReference; lastKnownFileType = wrapper.framework; name = AVFoundation.framework; path = System/Library/Frameworks/AVFoundation.framework; sourceTree = SDKROOT; };
		3B3D3A1619996F850066F6C4 /* AudioToolbox.framework */ = {isa = PBXFileReference; lastKnownFileType = wrapper.framework; name = AudioToolbox.framework; path = System/Library/Frameworks/AudioToolbox.framework; sourceTree = SDKROOT; };
		3B3D3A1819996FB50066F6C4 /* libsqlite3.dylib */ = {isa = PBXFileReference; lastKnownFileType = "compiled.mach-o.dylib"; name = libsqlite3.dylib; path = usr/lib/libsqlite3.dylib; sourceTree = SDKROOT; };
		3B3D3A1A19996FD50066F6C4 /* libresolv.dylib */ = {isa = PBXFileReference; lastKnownFileType = "compiled.mach-o.dylib"; name = libresolv.dylib; path = usr/lib/libresolv.dylib; sourceTree = SDKROOT; };
		3B3FD31319A94515002009EA /* Settings.bundle */ = {isa = PBXFileReference; lastKnownFileType = "wrapper.plug-in"; path = Settings.bundle; sourceTree = "<group>"; };
		3B3FD31719AA5A5B002009EA /* SMLRContactsProvider.h */ = {isa = PBXFileReference; fileEncoding = 4; lastKnownFileType = sourcecode.c.h; path = SMLRContactsProvider.h; sourceTree = "<group>"; };
		3B3FD31819AA5A5B002009EA /* SMLRContactsProvider.m */ = {isa = PBXFileReference; fileEncoding = 4; lastKnownFileType = sourcecode.c.objc; path = SMLRContactsProvider.m; sourceTree = "<group>"; };
		3B4538A21997E7EF00DC58C5 /* SMLRSettings.h */ = {isa = PBXFileReference; fileEncoding = 4; lastKnownFileType = sourcecode.c.h; path = SMLRSettings.h; sourceTree = "<group>"; };
		3B4538A31997E7EF00DC58C5 /* SMLRSettings.m */ = {isa = PBXFileReference; fileEncoding = 4; lastKnownFileType = sourcecode.c.objc; path = SMLRSettings.m; sourceTree = "<group>"; };
		3B46D30019DE3F22003A55E4 /* SMLRContactsProviderStatus.h */ = {isa = PBXFileReference; fileEncoding = 4; lastKnownFileType = sourcecode.c.h; path = SMLRContactsProviderStatus.h; sourceTree = "<group>"; };
		3B46D30119DE3F22003A55E4 /* SMLRContactsProviderStatus.m */ = {isa = PBXFileReference; fileEncoding = 4; lastKnownFileType = sourcecode.c.objc; path = SMLRContactsProviderStatus.m; sourceTree = "<group>"; };
		3B4CA1C419CBF2E40006BA1A /* SMLRLogFormatter.h */ = {isa = PBXFileReference; fileEncoding = 4; lastKnownFileType = sourcecode.c.h; path = SMLRLogFormatter.h; sourceTree = "<group>"; };
		3B4CA1C519CBF2E40006BA1A /* SMLRLogFormatter.m */ = {isa = PBXFileReference; fileEncoding = 4; lastKnownFileType = sourcecode.c.objc; path = SMLRLogFormatter.m; sourceTree = "<group>"; };
		3B4CA66119E0DC9F00019519 /* SMLRLog.h */ = {isa = PBXFileReference; fileEncoding = 4; lastKnownFileType = sourcecode.c.h; path = SMLRLog.h; sourceTree = "<group>"; };
		3B4CA66219E0DC9F00019519 /* SMLRLog.m */ = {isa = PBXFileReference; fileEncoding = 4; lastKnownFileType = sourcecode.c.objc; path = SMLRLog.m; sourceTree = "<group>"; };
		3B528A971A08901800FB0624 /* button_background_color.png */ = {isa = PBXFileReference; lastKnownFileType = image.png; name = button_background_color.png; path = images/button_background_color.png; sourceTree = "<group>"; };
		3B528A991A08933800FB0624 /* button_background_color_highlighted.png */ = {isa = PBXFileReference; lastKnownFileType = image.png; name = button_background_color_highlighted.png; path = images/button_background_color_highlighted.png; sourceTree = "<group>"; };
		3B5CED9E19FBD45000C4FF93 /* SMLRNetworkQuality.h */ = {isa = PBXFileReference; fileEncoding = 4; lastKnownFileType = sourcecode.c.h; path = SMLRNetworkQuality.h; sourceTree = "<group>"; };
		3B5CED9F19FBD45000C4FF93 /* SMLRNetworkQuality.m */ = {isa = PBXFileReference; fileEncoding = 4; lastKnownFileType = sourcecode.c.objc; path = SMLRNetworkQuality.m; sourceTree = "<group>"; };
		3B6955BE1AD5EB96007D994E /* SMLRServerSettings.h */ = {isa = PBXFileReference; lastKnownFileType = sourcecode.c.h; path = SMLRServerSettings.h; sourceTree = "<group>"; };
		3B6FDCFE19EE6DBA004A8A39 /* SMLRReportBug.h */ = {isa = PBXFileReference; fileEncoding = 4; lastKnownFileType = sourcecode.c.h; path = SMLRReportBug.h; sourceTree = "<group>"; };
		3B6FDCFF19EE6DBA004A8A39 /* SMLRReportBug.m */ = {isa = PBXFileReference; fileEncoding = 4; lastKnownFileType = sourcecode.c.objc; path = SMLRReportBug.m; sourceTree = "<group>"; };
		3B86CEB81B23485F00175F4B /* SMLRAudioOutputType.h */ = {isa = PBXFileReference; fileEncoding = 4; lastKnownFileType = sourcecode.c.h; path = SMLRAudioOutputType.h; sourceTree = "<group>"; };
		3B86CEB91B23485F00175F4B /* SMLRAudioOutputType.m */ = {isa = PBXFileReference; fileEncoding = 4; lastKnownFileType = sourcecode.c.objc; path = SMLRAudioOutputType.m; sourceTree = "<group>"; };
		3B890C8C19C17DD2007FC1CC /* ringtone.wav */ = {isa = PBXFileReference; lastKnownFileType = audio.wav; name = ringtone.wav; path = sounds/ringtone.wav; sourceTree = "<group>"; };
		3B902C611A09E2750048B19C /* button_background_color_red.png */ = {isa = PBXFileReference; lastKnownFileType = image.png; name = button_background_color_red.png; path = images/button_background_color_red.png; sourceTree = "<group>"; };
		3B902C631A09E3320048B19C /* button_background_color_red_highlighted.png */ = {isa = PBXFileReference; lastKnownFileType = image.png; name = button_background_color_red_highlighted.png; path = images/button_background_color_red_highlighted.png; sourceTree = "<group>"; };
		3B91431719D0FFD9005BABAD /* SMLRLinphoneHandlerStatus.h */ = {isa = PBXFileReference; fileEncoding = 4; lastKnownFileType = sourcecode.c.h; path = SMLRLinphoneHandlerStatus.h; sourceTree = "<group>"; };
		3B91431819D0FFD9005BABAD /* SMLRLinphoneHandlerStatus.m */ = {isa = PBXFileReference; fileEncoding = 4; lastKnownFileType = sourcecode.c.objc; path = SMLRLinphoneHandlerStatus.m; sourceTree = "<group>"; };
		3B91431A19D1015A005BABAD /* SMLRCallStatus.h */ = {isa = PBXFileReference; fileEncoding = 4; lastKnownFileType = sourcecode.c.h; path = SMLRCallStatus.h; sourceTree = "<group>"; };
		3B91431B19D1015A005BABAD /* SMLRCallStatus.m */ = {isa = PBXFileReference; fileEncoding = 4; lastKnownFileType = sourcecode.c.objc; path = SMLRCallStatus.m; sourceTree = "<group>"; };
		3BA3DF211998D4D30050E19B /* SMLRCallViewController.h */ = {isa = PBXFileReference; fileEncoding = 4; lastKnownFileType = sourcecode.c.h; path = SMLRCallViewController.h; sourceTree = "<group>"; };
		3BA3DF221998D4D30050E19B /* SMLRCallViewController.m */ = {isa = PBXFileReference; fileEncoding = 4; lastKnownFileType = sourcecode.c.objc; path = SMLRCallViewController.m; sourceTree = "<group>"; };
		3BA3DF2419993A490050E19B /* SMLRLinphoneHandler.h */ = {isa = PBXFileReference; fileEncoding = 4; lastKnownFileType = sourcecode.c.h; path = SMLRLinphoneHandler.h; sourceTree = "<group>"; };
		3BA3DF2519993A490050E19B /* SMLRLinphoneHandler.m */ = {isa = PBXFileReference; fileEncoding = 4; lastKnownFileType = sourcecode.c.objc; path = SMLRLinphoneHandler.m; sourceTree = "<group>"; };
		3BAB8EFB1991819300677B71 /* SMLRCreateAccountViewController.h */ = {isa = PBXFileReference; fileEncoding = 4; lastKnownFileType = sourcecode.c.h; path = SMLRCreateAccountViewController.h; sourceTree = "<group>"; };
		3BAB8EFC1991819300677B71 /* SMLRCreateAccountViewController.m */ = {isa = PBXFileReference; fileEncoding = 4; lastKnownFileType = sourcecode.c.objc; path = SMLRCreateAccountViewController.m; sourceTree = "<group>"; };
		3BAB8F021993ED6300677B71 /* SMLRHttpsPost.h */ = {isa = PBXFileReference; fileEncoding = 4; lastKnownFileType = sourcecode.c.h; path = SMLRHttpsPost.h; sourceTree = "<group>"; };
		3BAB8F031993ED6300677B71 /* SMLRHttpsPost.m */ = {isa = PBXFileReference; fileEncoding = 4; lastKnownFileType = sourcecode.c.objc; path = SMLRHttpsPost.m; sourceTree = "<group>"; };
		3BB09E5719FB9C0E0062BA43 /* PushKit.framework */ = {isa = PBXFileReference; lastKnownFileType = wrapper.framework; name = PushKit.framework; path = System/Library/Frameworks/PushKit.framework; sourceTree = SDKROOT; };
		3BB653F2199060FB007655F8 /* Simlar.app */ = {isa = PBXFileReference; explicitFileType = wrapper.application; includeInIndex = 0; path = Simlar.app; sourceTree = BUILT_PRODUCTS_DIR; };
		3BB653F5199060FB007655F8 /* Foundation.framework */ = {isa = PBXFileReference; lastKnownFileType = wrapper.framework; name = Foundation.framework; path = System/Library/Frameworks/Foundation.framework; sourceTree = SDKROOT; };
		3BB653F7199060FB007655F8 /* CoreGraphics.framework */ = {isa = PBXFileReference; lastKnownFileType = wrapper.framework; name = CoreGraphics.framework; path = System/Library/Frameworks/CoreGraphics.framework; sourceTree = SDKROOT; };
		3BB653F9199060FB007655F8 /* UIKit.framework */ = {isa = PBXFileReference; lastKnownFileType = wrapper.framework; name = UIKit.framework; path = System/Library/Frameworks/UIKit.framework; sourceTree = SDKROOT; };
		3BB653FD199060FB007655F8 /* Simlar-Info.plist */ = {isa = PBXFileReference; lastKnownFileType = text.plist.xml; path = "Simlar-Info.plist"; sourceTree = "<group>"; };
		3BB653FF199060FB007655F8 /* en */ = {isa = PBXFileReference; lastKnownFileType = text.plist.strings; name = en; path = en.lproj/InfoPlist.strings; sourceTree = "<group>"; };
		3BB65401199060FB007655F8 /* main.m */ = {isa = PBXFileReference; lastKnownFileType = sourcecode.c.objc; path = main.m; sourceTree = "<group>"; };
		3BB65403199060FB007655F8 /* Simlar-Prefix.pch */ = {isa = PBXFileReference; lastKnownFileType = sourcecode.c.h; path = "Simlar-Prefix.pch"; sourceTree = "<group>"; };
		3BB65404199060FB007655F8 /* SMLRAppDelegate.h */ = {isa = PBXFileReference; lastKnownFileType = sourcecode.c.h; path = SMLRAppDelegate.h; sourceTree = "<group>"; };
		3BB65405199060FB007655F8 /* SMLRAppDelegate.m */ = {isa = PBXFileReference; lastKnownFileType = sourcecode.c.objc; path = SMLRAppDelegate.m; sourceTree = "<group>"; };
		3BB65408199060FB007655F8 /* Base */ = {isa = PBXFileReference; lastKnownFileType = file.storyboard; name = Base; path = Base.lproj/Main.storyboard; sourceTree = "<group>"; };
		3BB6540D199060FB007655F8 /* SMLRAgreeViewController.h */ = {isa = PBXFileReference; lastKnownFileType = sourcecode.c.h; path = SMLRAgreeViewController.h; sourceTree = "<group>"; };
		3BB6540E199060FB007655F8 /* SMLRAgreeViewController.m */ = {isa = PBXFileReference; lastKnownFileType = sourcecode.c.objc; path = SMLRAgreeViewController.m; sourceTree = "<group>"; };
		3BB65410199060FB007655F8 /* Images.xcassets */ = {isa = PBXFileReference; lastKnownFileType = folder.assetcatalog; path = Images.xcassets; sourceTree = "<group>"; };
		3BB65416199060FB007655F8 /* SimlarTests.xctest */ = {isa = PBXFileReference; explicitFileType = wrapper.cfbundle; includeInIndex = 0; path = SimlarTests.xctest; sourceTree = BUILT_PRODUCTS_DIR; };
		3BB6541F199060FB007655F8 /* SimlarTests-Info.plist */ = {isa = PBXFileReference; lastKnownFileType = text.plist.xml; path = "SimlarTests-Info.plist"; sourceTree = "<group>"; };
		3BB65421199060FB007655F8 /* en */ = {isa = PBXFileReference; lastKnownFileType = text.plist.strings; name = en; path = en.lproj/InfoPlist.strings; sourceTree = "<group>"; };
		3BB65423199060FB007655F8 /* SimlarTests.m */ = {isa = PBXFileReference; lastKnownFileType = sourcecode.c.objc; path = SimlarTests.m; sourceTree = "<group>"; };
		3BB8743F19ECF84B008B0845 /* SMLRUploadLogFile.h */ = {isa = PBXFileReference; fileEncoding = 4; lastKnownFileType = sourcecode.c.h; path = SMLRUploadLogFile.h; sourceTree = "<group>"; };
		3BB8744019ECF84B008B0845 /* SMLRUploadLogFile.m */ = {isa = PBXFileReference; fileEncoding = 4; lastKnownFileType = sourcecode.c.objc; path = SMLRUploadLogFile.m; sourceTree = "<group>"; };
		3BB8744219EE3D92008B0845 /* SMLRStringCategory.h */ = {isa = PBXFileReference; fileEncoding = 4; lastKnownFileType = sourcecode.c.h; path = SMLRStringCategory.h; sourceTree = "<group>"; };
		3BB8744319EE3D92008B0845 /* SMLRStringCategory.m */ = {isa = PBXFileReference; fileEncoding = 4; lastKnownFileType = sourcecode.c.objc; path = SMLRStringCategory.m; sourceTree = "<group>"; };
		3BBA84B419F5C2A800D11910 /* waiting_for_contact.wav */ = {isa = PBXFileReference; lastKnownFileType = audio.wav; name = waiting_for_contact.wav; path = sounds/waiting_for_contact.wav; sourceTree = "<group>"; };
		3BBA84B619F5CB0400D11910 /* SMLRCallSoundManager.h */ = {isa = PBXFileReference; fileEncoding = 4; lastKnownFileType = sourcecode.c.h; path = SMLRCallSoundManager.h; sourceTree = "<group>"; };
		3BBA84B719F5CB0400D11910 /* SMLRCallSoundManager.m */ = {isa = PBXFileReference; fileEncoding = 4; lastKnownFileType = sourcecode.c.objc; path = SMLRCallSoundManager.m; sourceTree = "<group>"; };
		3BBA84B919F5E89600D11910 /* encryption_handshake.wav */ = {isa = PBXFileReference; lastKnownFileType = audio.wav; name = encryption_handshake.wav; path = sounds/encryption_handshake.wav; sourceTree = "<group>"; };
		3BE643F61A32346A003A3D89 /* pause.wav */ = {isa = PBXFileReference; lastKnownFileType = audio.wav; name = pause.wav; path = sounds/pause.wav; sourceTree = "<group>"; };
		3BECFDC11A64095E00A6EE4B /* libz.dylib */ = {isa = PBXFileReference; lastKnownFileType = "compiled.mach-o.dylib"; name = libz.dylib; path = usr/lib/libz.dylib; sourceTree = SDKROOT; };
		3BF86BDA199597A6003A08C4 /* SMLRCreateAccount.h */ = {isa = PBXFileReference; fileEncoding = 4; lastKnownFileType = sourcecode.c.h; path = SMLRCreateAccount.h; sourceTree = "<group>"; };
		3BF86BDB199597A6003A08C4 /* SMLRCreateAccount.m */ = {isa = PBXFileReference; fileEncoding = 4; lastKnownFileType = sourcecode.c.objc; path = SMLRCreateAccount.m; sourceTree = "<group>"; };
		3BF86BDD1996E10A003A08C4 /* SMLRVerifyNumberViewController.h */ = {isa = PBXFileReference; fileEncoding = 4; lastKnownFileType = sourcecode.c.h; path = SMLRVerifyNumberViewController.h; sourceTree = "<group>"; };
		3BF86BDE1996E10A003A08C4 /* SMLRVerifyNumberViewController.m */ = {isa = PBXFileReference; fileEncoding = 4; lastKnownFileType = sourcecode.c.objc; path = SMLRVerifyNumberViewController.m; sourceTree = "<group>"; };
		3BF86BE0199718B4003A08C4 /* SMLRKeychain.h */ = {isa = PBXFileReference; fileEncoding = 4; lastKnownFileType = sourcecode.c.h; path = SMLRKeychain.h; sourceTree = "<group>"; };
		3BF86BE1199718B4003A08C4 /* SMLRKeychain.m */ = {isa = PBXFileReference; fileEncoding = 4; lastKnownFileType = sourcecode.c.objc; path = SMLRKeychain.m; sourceTree = "<group>"; };
		3BF86BE919973BBA003A08C4 /* SMLRCredentials.h */ = {isa = PBXFileReference; fileEncoding = 4; lastKnownFileType = sourcecode.c.h; path = SMLRCredentials.h; sourceTree = "<group>"; };
		3BF86BEA19973BBA003A08C4 /* SMLRCredentials.m */ = {isa = PBXFileReference; fileEncoding = 4; lastKnownFileType = sourcecode.c.objc; path = SMLRCredentials.m; sourceTree = "<group>"; };
		3BF86BEC199757F1003A08C4 /* SMLRAddressBookViewController.h */ = {isa = PBXFileReference; fileEncoding = 4; lastKnownFileType = sourcecode.c.h; path = SMLRAddressBookViewController.h; sourceTree = "<group>"; };
		3BF86BED199757F1003A08C4 /* SMLRAddressBookViewController.m */ = {isa = PBXFileReference; fileEncoding = 4; lastKnownFileType = sourcecode.c.objc; path = SMLRAddressBookViewController.m; sourceTree = "<group>"; };
		3BFB5B5119C2ECE3003132FC /* ringback.wav */ = {isa = PBXFileReference; lastKnownFileType = audio.wav; name = ringback.wav; path = sounds/ringback.wav; sourceTree = "<group>"; };
		3BFB5B5419C2EEA7003132FC /* SMLRPhoneManager.h */ = {isa = PBXFileReference; fileEncoding = 4; lastKnownFileType = sourcecode.c.h; path = SMLRPhoneManager.h; sourceTree = "<group>"; };
		3BFB5B5519C2EEA7003132FC /* SMLRPhoneManager.m */ = {isa = PBXFileReference; fileEncoding = 4; lastKnownFileType = sourcecode.c.objc; path = SMLRPhoneManager.m; sourceTree = "<group>"; };
		3BFB5B5719C30401003132FC /* SMLRPhoneManagerDelegate.h */ = {isa = PBXFileReference; fileEncoding = 4; lastKnownFileType = sourcecode.c.h; path = SMLRPhoneManagerDelegate.h; sourceTree = "<group>"; };
		3BFB5B5819C92D9E003132FC /* SMLRPushNotifications.h */ = {isa = PBXFileReference; fileEncoding = 4; lastKnownFileType = sourcecode.c.h; path = SMLRPushNotifications.h; sourceTree = "<group>"; };
		3BFB5B5919C92D9E003132FC /* SMLRPushNotifications.m */ = {isa = PBXFileReference; fileEncoding = 4; lastKnownFileType = sourcecode.c.objc; path = SMLRPushNotifications.m; sourceTree = "<group>"; };
		438D67B1178379923BAB5B27 /* Pods-Simlar.release.xcconfig */ = {isa = PBXFileReference; includeInIndex = 1; lastKnownFileType = text.xcconfig; name = "Pods-Simlar.release.xcconfig"; path = "Pods/Target Support Files/Pods-Simlar/Pods-Simlar.release.xcconfig"; sourceTree = "<group>"; };
		6179D25E1204079145252F4E /* Pods-SimlarTests.debug.xcconfig */ = {isa = PBXFileReference; includeInIndex = 1; lastKnownFileType = text.xcconfig; name = "Pods-SimlarTests.debug.xcconfig"; path = "Pods/Target Support Files/Pods-SimlarTests/Pods-SimlarTests.debug.xcconfig"; sourceTree = "<group>"; };
		A587B33663380CBCD7A4BD83 /* Pods-SimlarTests.release.xcconfig */ = {isa = PBXFileReference; includeInIndex = 1; lastKnownFileType = text.xcconfig; name = "Pods-SimlarTests.release.xcconfig"; path = "Pods/Target Support Files/Pods-SimlarTests/Pods-SimlarTests.release.xcconfig"; sourceTree = "<group>"; };
		BB930DB4B86F7562BE26F9E2 /* Pods_SimlarTests.framework */ = {isa = PBXFileReference; explicitFileType = wrapper.framework; includeInIndex = 0; path = Pods_SimlarTests.framework; sourceTree = BUILT_PRODUCTS_DIR; };
		C9B70B4DD7B93C6439406463 /* Pods-Simlar.debug.xcconfig */ = {isa = PBXFileReference; includeInIndex = 1; lastKnownFileType = text.xcconfig; name = "Pods-Simlar.debug.xcconfig"; path = "Pods/Target Support Files/Pods-Simlar/Pods-Simlar.debug.xcconfig"; sourceTree = "<group>"; };
		E5B1C40DBF6FBC410AE24769 /* Pods_Simlar.framework */ = {isa = PBXFileReference; explicitFileType = wrapper.framework; includeInIndex = 0; path = Pods_Simlar.framework; sourceTree = BUILT_PRODUCTS_DIR; };
/* End PBXFileReference section */

/* Begin PBXFrameworksBuildPhase section */
		3BB653EF199060FB007655F8 /* Frameworks */ = {
			isa = PBXFrameworksBuildPhase;
			buildActionMask = 2147483647;
			files = (
				169D8EB71B72A5E6005417DD /* libiconv.dylib in Frameworks */,
				16D3F10F23B4CDB1009B6131 /* CallKit.framework in Frameworks */,
				3BECFDC21A64095F00A6EE4B /* libz.dylib in Frameworks */,
				3B3D3A1B19996FD50066F6C4 /* libresolv.dylib in Frameworks */,
				3B3D3A1919996FB50066F6C4 /* libsqlite3.dylib in Frameworks */,
				3B3D3A1719996F850066F6C4 /* AudioToolbox.framework in Frameworks */,
				3B3D3A1519996F720066F6C4 /* AVFoundation.framework in Frameworks */,
				16BFF5D21BAB75DD00DA1F9C /* AVKit.framework in Frameworks */,
				3B3D3A1319996F5E0066F6C4 /* CoreMedia.framework in Frameworks */,
				3BB653F8199060FB007655F8 /* CoreGraphics.framework in Frameworks */,
				3BB653F6199060FB007655F8 /* Foundation.framework in Frameworks */,
				3BB09E5819FB9C0E0062BA43 /* PushKit.framework in Frameworks */,
				3BB653FA199060FB007655F8 /* UIKit.framework in Frameworks */,
				16B21E851D248DFC00EF2236 /* VideoToolbox.framework in Frameworks */,
				16B0A78D23BA955A00D38D27 /* Intents.framework in Frameworks */,
				16A99B4A1CD0291700C85B86 /* libc++.1.tbd in Frameworks */,
				33155BDA911B5BED2143D1FA /* Pods_Simlar.framework in Frameworks */,
			);
			runOnlyForDeploymentPostprocessing = 0;
		};
		3BB65413199060FB007655F8 /* Frameworks */ = {
			isa = PBXFrameworksBuildPhase;
			buildActionMask = 2147483647;
			files = (
				3BB6541A199060FB007655F8 /* UIKit.framework in Frameworks */,
				3BB65419199060FB007655F8 /* Foundation.framework in Frameworks */,
				98B1E21EE8FE061532719FC3 /* Pods_SimlarTests.framework in Frameworks */,
			);
			runOnlyForDeploymentPostprocessing = 0;
		};
/* End PBXFrameworksBuildPhase section */

/* Begin PBXGroup section */
		3BB653E9199060FB007655F8 = {
			isa = PBXGroup;
			children = (
				3BB653FB199060FB007655F8 /* Simlar */,
				3BB6541D199060FB007655F8 /* SimlarTests */,
				3BB653F4199060FB007655F8 /* Frameworks */,
				3BB653F3199060FB007655F8 /* Products */,
				8D622948608BB460AE1C121D /* Pods */,
			);
			sourceTree = "<group>";
		};
		3BB653F3199060FB007655F8 /* Products */ = {
			isa = PBXGroup;
			children = (
				3BB653F2199060FB007655F8 /* Simlar.app */,
				3BB65416199060FB007655F8 /* SimlarTests.xctest */,
			);
			name = Products;
			sourceTree = "<group>";
		};
		3BB653F4199060FB007655F8 /* Frameworks */ = {
			isa = PBXGroup;
			children = (
				16B0A78C23BA955A00D38D27 /* Intents.framework */,
				16D3F10E23B4CDB1009B6131 /* CallKit.framework */,
				16B21E841D248DFC00EF2236 /* VideoToolbox.framework */,
				16A99B4B1CD0292400C85B86 /* libstdc++.6.tbd */,
				16A99B491CD0291700C85B86 /* libc++.1.tbd */,
				16BFF5D11BAB75DD00DA1F9C /* AVKit.framework */,
				169D8EB61B72A5E6005417DD /* libiconv.dylib */,
				3BB09E5719FB9C0E0062BA43 /* PushKit.framework */,
				3BECFDC11A64095E00A6EE4B /* libz.dylib */,
				3B3D3A1A19996FD50066F6C4 /* libresolv.dylib */,
				3B3D3A1819996FB50066F6C4 /* libsqlite3.dylib */,
				3B3D3A1619996F850066F6C4 /* AudioToolbox.framework */,
				3B3D3A1419996F720066F6C4 /* AVFoundation.framework */,
				3B3D3A1219996F5E0066F6C4 /* CoreMedia.framework */,
				3BB653F5199060FB007655F8 /* Foundation.framework */,
				3BB653F7199060FB007655F8 /* CoreGraphics.framework */,
				3BB653F9199060FB007655F8 /* UIKit.framework */,
				E5B1C40DBF6FBC410AE24769 /* Pods_Simlar.framework */,
				BB930DB4B86F7562BE26F9E2 /* Pods_SimlarTests.framework */,
			);
			name = Frameworks;
			sourceTree = "<group>";
		};
		3BB653FB199060FB007655F8 /* Simlar */ = {
			isa = PBXGroup;
			children = (
				1619DB041D9C74C00002A4E7 /* Simlar.entitlements */,
				3BFB5B2F19C2B9D6003132FC /* images */,
				3BB65410199060FB007655F8 /* Images.xcassets */,
				3B093E291A2D175400690BA4 /* LaunchScreen.xib */,
				3BB65407199060FB007655F8 /* Main.storyboard */,
				3BCA772119D50C0700443663 /* resources */,
				3B3FD31319A94515002009EA /* Settings.bundle */,
				3BFB5B5019C2EC1B003132FC /* sounds */,
				3BFB5B5319C2ED58003132FC /* src */,
				3BB653FC199060FB007655F8 /* Supporting Files */,
			);
			path = Simlar;
			sourceTree = "<group>";
		};
		3BB653FC199060FB007655F8 /* Supporting Files */ = {
			isa = PBXGroup;
			children = (
				3BB653FD199060FB007655F8 /* Simlar-Info.plist */,
				3BB653FE199060FB007655F8 /* InfoPlist.strings */,
				3BB65401199060FB007655F8 /* main.m */,
				3BB65403199060FB007655F8 /* Simlar-Prefix.pch */,
			);
			name = "Supporting Files";
			sourceTree = "<group>";
		};
		3BB6541D199060FB007655F8 /* SimlarTests */ = {
			isa = PBXGroup;
			children = (
				3BB65423199060FB007655F8 /* SimlarTests.m */,
				3BB6541E199060FB007655F8 /* Supporting Files */,
			);
			path = SimlarTests;
			sourceTree = "<group>";
		};
		3BB6541E199060FB007655F8 /* Supporting Files */ = {
			isa = PBXGroup;
			children = (
				3BB6541F199060FB007655F8 /* SimlarTests-Info.plist */,
				3BB65420199060FB007655F8 /* InfoPlist.strings */,
			);
			name = "Supporting Files";
			sourceTree = "<group>";
		};
		3BCA772119D50C0700443663 /* resources */ = {
			isa = PBXGroup;
			children = (
				16E341B222BCEAAC0046EDE8 /* linphonerc */,
				1683D36122AF0FF0009CB002 /* letsencryptca.der */,
			);
			path = resources;
			sourceTree = "<group>";
		};
		3BFB5B2F19C2B9D6003132FC /* images */ = {
			isa = PBXGroup;
			children = (
				3B528A991A08933800FB0624 /* button_background_color_highlighted.png */,
				3B902C631A09E3320048B19C /* button_background_color_red_highlighted.png */,
				3B902C611A09E2750048B19C /* button_background_color_red.png */,
				3B528A971A08901800FB0624 /* button_background_color.png */,
			);
			name = images;
			sourceTree = "<group>";
		};
		3BFB5B5019C2EC1B003132FC /* sounds */ = {
			isa = PBXGroup;
			children = (
				3BE643F61A32346A003A3D89 /* pause.wav */,
				3BBA84B919F5E89600D11910 /* encryption_handshake.wav */,
				3BFB5B5119C2ECE3003132FC /* ringback.wav */,
				3B890C8C19C17DD2007FC1CC /* ringtone.wav */,
				3BBA84B419F5C2A800D11910 /* waiting_for_contact.wav */,
			);
			name = sounds;
			sourceTree = "<group>";
		};
		3BFB5B5319C2ED58003132FC /* src */ = {
			isa = PBXGroup;
			children = (
				3BF86BEC199757F1003A08C4 /* SMLRAddressBookViewController.h */,
				3BF86BED199757F1003A08C4 /* SMLRAddressBookViewController.m */,
				3BB6540D199060FB007655F8 /* SMLRAgreeViewController.h */,
				3BB6540E199060FB007655F8 /* SMLRAgreeViewController.m */,
				166260071E2AEB2500F6D6B3 /* SMLRAlert.h */,
				166260081E2AEB2500F6D6B3 /* SMLRAlert.m */,
				3BB65404199060FB007655F8 /* SMLRAppDelegate.h */,
				3BB65405199060FB007655F8 /* SMLRAppDelegate.m */,
				3B86CEB81B23485F00175F4B /* SMLRAudioOutputType.h */,
				3B86CEB91B23485F00175F4B /* SMLRAudioOutputType.m */,
				3BBA84B619F5CB0400D11910 /* SMLRCallSoundManager.h */,
				3BBA84B719F5CB0400D11910 /* SMLRCallSoundManager.m */,
				3B91431A19D1015A005BABAD /* SMLRCallStatus.h */,
				3B91431B19D1015A005BABAD /* SMLRCallStatus.m */,
				3BA3DF211998D4D30050E19B /* SMLRCallViewController.h */,
				3BA3DF221998D4D30050E19B /* SMLRCallViewController.m */,
				3B29EDD319DA64DB00417164 /* SMLRContact.h */,
				3B29EDD419DA64DB00417164 /* SMLRContact.m */,
				16E5C9531E6C957C0000FF4E /* SMLRContacts.h */,
				16E5C9541E6C957C0000FF4E /* SMLRContacts.m */,
				3B3FD31719AA5A5B002009EA /* SMLRContactsProvider.h */,
				3B3FD31819AA5A5B002009EA /* SMLRContactsProvider.m */,
				3B46D30019DE3F22003A55E4 /* SMLRContactsProviderStatus.h */,
				3B46D30119DE3F22003A55E4 /* SMLRContactsProviderStatus.m */,
				3BF86BDA199597A6003A08C4 /* SMLRCreateAccount.h */,
				3BF86BDB199597A6003A08C4 /* SMLRCreateAccount.m */,
				3BAB8EFB1991819300677B71 /* SMLRCreateAccountViewController.h */,
				3BAB8EFC1991819300677B71 /* SMLRCreateAccountViewController.m */,
				3BF86BE919973BBA003A08C4 /* SMLRCredentials.h */,
				3BF86BEA19973BBA003A08C4 /* SMLRCredentials.m */,
				3B31C12819ABC50F009A78FD /* SMLRGetContactStatus.h */,
				3B31C12919ABC50F009A78FD /* SMLRGetContactStatus.m */,
				3BAB8F021993ED6300677B71 /* SMLRHttpsPost.h */,
				3BAB8F031993ED6300677B71 /* SMLRHttpsPost.m */,
				3B326A941A1F055D0085F9A7 /* SMLRHttpsPostError.h */,
				3B326A951A1F055D0085F9A7 /* SMLRHttpsPostError.m */,
				3BF86BE0199718B4003A08C4 /* SMLRKeychain.h */,
				3BF86BE1199718B4003A08C4 /* SMLRKeychain.m */,
				3BA3DF2419993A490050E19B /* SMLRLinphoneHandler.h */,
				3BA3DF2519993A490050E19B /* SMLRLinphoneHandler.m */,
				3B91431719D0FFD9005BABAD /* SMLRLinphoneHandlerStatus.h */,
				3B91431819D0FFD9005BABAD /* SMLRLinphoneHandlerStatus.m */,
				3B4CA66119E0DC9F00019519 /* SMLRLog.h */,
				3B4CA66219E0DC9F00019519 /* SMLRLog.m */,
				3B4CA1C419CBF2E40006BA1A /* SMLRLogFormatter.h */,
				3B4CA1C519CBF2E40006BA1A /* SMLRLogFormatter.m */,
				3B22BE761AF5280200C52A21 /* SMLRMicrophoneStatus.h */,
				3B22BE771AF5280200C52A21 /* SMLRMicrophoneStatus.m */,
				16B04B8F1CF24D3500A61C15 /* SMLRMissedCallLocalNotification.h */,
				16B04B901CF24D3500A61C15 /* SMLRMissedCallLocalNotification.m */,
				3B5CED9E19FBD45000C4FF93 /* SMLRNetworkQuality.h */,
				3B5CED9F19FBD45000C4FF93 /* SMLRNetworkQuality.m */,
				16B73BEB1E29A44F000B0FD3 /* SMLRNoAddressBookPermissionViewController.h */,
				16B73BEC1E29A44F000B0FD3 /* SMLRNoAddressBookPermissionViewController.m */,
				16B73BEE1E29BDFE000B0FD3 /* SMLRNoAddressBookPermissionViewControllerDelegate.h */,
				3BFB5B5419C2EEA7003132FC /* SMLRPhoneManager.h */,
				3BFB5B5519C2EEA7003132FC /* SMLRPhoneManager.m */,
				3BFB5B5719C30401003132FC /* SMLRPhoneManagerDelegate.h */,
				3B31C12319AAE57A009A78FD /* SMLRPhoneNumber.h */,
				3B31C12419AAE57A009A78FD /* SMLRPhoneNumber.m */,
				16D3F11423B4D951009B6131 /* SMLRProviderDelegate.h */,
				16D3F11523B4D951009B6131 /* SMLRProviderDelegate.m */,
				3BFB5B5819C92D9E003132FC /* SMLRPushNotifications.h */,
				3BFB5B5919C92D9E003132FC /* SMLRPushNotifications.m */,
				3B6FDCFE19EE6DBA004A8A39 /* SMLRReportBug.h */,
				3B6FDCFF19EE6DBA004A8A39 /* SMLRReportBug.m */,
				168F53C61D00E92500C5A81A /* SMLRRingtone.h */,
				3B6955BE1AD5EB96007D994E /* SMLRServerSettings.h */,
				3B4538A21997E7EF00DC58C5 /* SMLRSettings.h */,
				3B4538A31997E7EF00DC58C5 /* SMLRSettings.m */,
				16181AF01E3C000F00E7E8A6 /* SMLRSettingsChecker.h */,
				16181AF11E3C000F00E7E8A6 /* SMLRSettingsChecker.m */,
				3B1FC17D19B7ABCA00A81C4C /* SMLRStorePushId.h */,
				3B1FC17E19B7ABCA00A81C4C /* SMLRStorePushId.m */,
				3BB8744219EE3D92008B0845 /* SMLRStringCategory.h */,
				3BB8744319EE3D92008B0845 /* SMLRStringCategory.m */,
				3BB8743F19ECF84B008B0845 /* SMLRUploadLogFile.h */,
				3BB8744019ECF84B008B0845 /* SMLRUploadLogFile.m */,
				3BF86BDD1996E10A003A08C4 /* SMLRVerifyNumberViewController.h */,
				3BF86BDE1996E10A003A08C4 /* SMLRVerifyNumberViewController.m */,
			);
			name = src;
			path = Simlar/src;
			sourceTree = SOURCE_ROOT;
		};
		8D622948608BB460AE1C121D /* Pods */ = {
			isa = PBXGroup;
			children = (
				C9B70B4DD7B93C6439406463 /* Pods-Simlar.debug.xcconfig */,
				438D67B1178379923BAB5B27 /* Pods-Simlar.release.xcconfig */,
				6179D25E1204079145252F4E /* Pods-SimlarTests.debug.xcconfig */,
				A587B33663380CBCD7A4BD83 /* Pods-SimlarTests.release.xcconfig */,
			);
			name = Pods;
			sourceTree = "<group>";
		};
/* End PBXGroup section */

/* Begin PBXNativeTarget section */
		3BB653F1199060FB007655F8 /* Simlar */ = {
			isa = PBXNativeTarget;
			buildConfigurationList = 3BB65427199060FB007655F8 /* Build configuration list for PBXNativeTarget "Simlar" */;
			buildPhases = (
				DBA389FD07C522D1C2F1D0A5 /* [CP] Check Pods Manifest.lock */,
				3BB653EE199060FB007655F8 /* Sources */,
				3BB653EF199060FB007655F8 /* Frameworks */,
				3BB653F0199060FB007655F8 /* Resources */,
				3BB8C26E19DA1FC7005452A3 /* ShellScript */,
				3AF144FB722752C2C3C12977 /* [CP] Embed Pods Frameworks */,
			);
			buildRules = (
			);
			dependencies = (
			);
			name = Simlar;
			productName = Simlar;
			productReference = 3BB653F2199060FB007655F8 /* Simlar.app */;
			productType = "com.apple.product-type.application";
		};
		3BB65415199060FB007655F8 /* SimlarTests */ = {
			isa = PBXNativeTarget;
			buildConfigurationList = 3BB6542A199060FB007655F8 /* Build configuration list for PBXNativeTarget "SimlarTests" */;
			buildPhases = (
				1D645994C4D3BF96FF9DA4C7 /* [CP] Check Pods Manifest.lock */,
				3BB65412199060FB007655F8 /* Sources */,
				3BB65413199060FB007655F8 /* Frameworks */,
				3BB65414199060FB007655F8 /* Resources */,
			);
			buildRules = (
			);
			dependencies = (
				3BB6541C199060FB007655F8 /* PBXTargetDependency */,
			);
			name = SimlarTests;
			productName = SimlarTests;
			productReference = 3BB65416199060FB007655F8 /* SimlarTests.xctest */;
			productType = "com.apple.product-type.bundle.unit-test";
		};
/* End PBXNativeTarget section */

/* Begin PBXProject section */
		3BB653EA199060FB007655F8 /* Project object */ = {
			isa = PBXProject;
			attributes = {
				CLASSPREFIX = SMLR;
				LastUpgradeCheck = 1020;
				ORGANIZATIONNAME = "Ben Sartor";
				TargetAttributes = {
					3BB653F1199060FB007655F8 = {
						DevelopmentTeam = 9N9FX22363;
						SystemCapabilities = {
							com.apple.BackgroundModes = {
								enabled = 1;
							};
							com.apple.Push = {
								enabled = 1;
							};
						};
					};
					3BB65415199060FB007655F8 = {
						DevelopmentTeam = 9N9FX22363;
						TestTargetID = 3BB653F1199060FB007655F8;
					};
				};
			};
			buildConfigurationList = 3BB653ED199060FB007655F8 /* Build configuration list for PBXProject "Simlar" */;
			compatibilityVersion = "Xcode 3.2";
			developmentRegion = en;
			hasScannedForEncodings = 0;
			knownRegions = (
				en,
				Base,
			);
			mainGroup = 3BB653E9199060FB007655F8;
			productRefGroup = 3BB653F3199060FB007655F8 /* Products */;
			projectDirPath = "";
			projectRoot = "";
			targets = (
				3BB653F1199060FB007655F8 /* Simlar */,
				3BB65415199060FB007655F8 /* SimlarTests */,
			);
		};
/* End PBXProject section */

/* Begin PBXResourcesBuildPhase section */
		3BB653F0199060FB007655F8 /* Resources */ = {
			isa = PBXResourcesBuildPhase;
			buildActionMask = 2147483647;
			files = (
				3BFB5B5219C2ECE3003132FC /* ringback.wav in Resources */,
				3BBA84BA19F5E89600D11910 /* encryption_handshake.wav in Resources */,
				3BE643F71A32346A003A3D89 /* pause.wav in Resources */,
				3B528A9A1A08933800FB0624 /* button_background_color_highlighted.png in Resources */,
				3B528A981A08901800FB0624 /* button_background_color.png in Resources */,
				3BB65411199060FB007655F8 /* Images.xcassets in Resources */,
				3B902C641A09E3320048B19C /* button_background_color_red_highlighted.png in Resources */,
				3BB65409199060FB007655F8 /* Main.storyboard in Resources */,
				3BBA84B519F5C2A800D11910 /* waiting_for_contact.wav in Resources */,
				3B902C621A09E2750048B19C /* button_background_color_red.png in Resources */,
				1683D36222AF0FF0009CB002 /* letsencryptca.der in Resources */,
				3B093E2B1A2D175400690BA4 /* LaunchScreen.xib in Resources */,
				16E341B322BCEAAC0046EDE8 /* linphonerc in Resources */,
				3BB65400199060FB007655F8 /* InfoPlist.strings in Resources */,
				3B890C8D19C17DD2007FC1CC /* ringtone.wav in Resources */,
				3B3FD31419A94515002009EA /* Settings.bundle in Resources */,
			);
			runOnlyForDeploymentPostprocessing = 0;
		};
		3BB65414199060FB007655F8 /* Resources */ = {
			isa = PBXResourcesBuildPhase;
			buildActionMask = 2147483647;
			files = (
				3BB65422199060FB007655F8 /* InfoPlist.strings in Resources */,
			);
			runOnlyForDeploymentPostprocessing = 0;
		};
/* End PBXResourcesBuildPhase section */

/* Begin PBXShellScriptBuildPhase section */
		1D645994C4D3BF96FF9DA4C7 /* [CP] Check Pods Manifest.lock */ = {
			isa = PBXShellScriptBuildPhase;
			buildActionMask = 2147483647;
			files = (
			);
			inputPaths = (
				"${PODS_PODFILE_DIR_PATH}/Podfile.lock",
				"${PODS_ROOT}/Manifest.lock",
			);
			name = "[CP] Check Pods Manifest.lock";
			outputPaths = (
				"$(DERIVED_FILE_DIR)/Pods-SimlarTests-checkManifestLockResult.txt",
			);
			runOnlyForDeploymentPostprocessing = 0;
			shellPath = /bin/sh;
			shellScript = "diff \"${PODS_PODFILE_DIR_PATH}/Podfile.lock\" \"${PODS_ROOT}/Manifest.lock\" > /dev/null\nif [ $? != 0 ] ; then\n    # print error to STDERR\n    echo \"error: The sandbox is not in sync with the Podfile.lock. Run 'pod install' or update your CocoaPods installation.\" >&2\n    exit 1\nfi\n# This output is used by Xcode 'outputs' to avoid re-running this script phase.\necho \"SUCCESS\" > \"${SCRIPT_OUTPUT_FILE_0}\"\n";
			showEnvVarsInLog = 0;
		};
		3AF144FB722752C2C3C12977 /* [CP] Embed Pods Frameworks */ = {
			isa = PBXShellScriptBuildPhase;
			buildActionMask = 2147483647;
			files = (
			);
			inputPaths = (
				"${PODS_ROOT}/Target Support Files/Pods-Simlar/Pods-Simlar-frameworks.sh",
				"${BUILT_PRODUCTS_DIR}/CocoaLumberjack/CocoaLumberjack.framework",
				"${BUILT_PRODUCTS_DIR}/libPhoneNumber-iOS/libPhoneNumber_iOS.framework",
				"${PODS_ROOT}/../liblinphone/linphone-sdk/apple-darwin/Frameworks/bctoolbox.framework",
				"${PODS_ROOT}/../liblinphone/linphone-sdk/apple-darwin/Frameworks/belr.framework",
				"${PODS_ROOT}/../liblinphone/linphone-sdk/apple-darwin/Frameworks/lime.framework",
				"${PODS_ROOT}/../liblinphone/linphone-sdk/apple-darwin/Frameworks/linphone.framework",
				"${PODS_ROOT}/../liblinphone/linphone-sdk/apple-darwin/Frameworks/linphonetester.framework",
				"${PODS_ROOT}/../liblinphone/linphone-sdk/apple-darwin/Frameworks/mediastreamer2.framework",
				"${PODS_ROOT}/../liblinphone/linphone-sdk/apple-darwin/Frameworks/msamr.framework",
				"${PODS_ROOT}/../liblinphone/linphone-sdk/apple-darwin/Frameworks/mscodec2.framework",
				"${PODS_ROOT}/../liblinphone/linphone-sdk/apple-darwin/Frameworks/msopenh264.framework",
				"${PODS_ROOT}/../liblinphone/linphone-sdk/apple-darwin/Frameworks/mssilk.framework",
				"${PODS_ROOT}/../liblinphone/linphone-sdk/apple-darwin/Frameworks/mswebrtc.framework",
				"${PODS_ROOT}/../liblinphone/linphone-sdk/apple-darwin/Frameworks/msx264.framework",
				"${PODS_ROOT}/../liblinphone/linphone-sdk/apple-darwin/Frameworks/ortp.framework",
			);
			name = "[CP] Embed Pods Frameworks";
			outputPaths = (
				"${TARGET_BUILD_DIR}/${FRAMEWORKS_FOLDER_PATH}/CocoaLumberjack.framework",
				"${TARGET_BUILD_DIR}/${FRAMEWORKS_FOLDER_PATH}/libPhoneNumber_iOS.framework",
				"${TARGET_BUILD_DIR}/${FRAMEWORKS_FOLDER_PATH}/bctoolbox.framework",
				"${TARGET_BUILD_DIR}/${FRAMEWORKS_FOLDER_PATH}/belr.framework",
				"${TARGET_BUILD_DIR}/${FRAMEWORKS_FOLDER_PATH}/lime.framework",
				"${TARGET_BUILD_DIR}/${FRAMEWORKS_FOLDER_PATH}/linphone.framework",
				"${TARGET_BUILD_DIR}/${FRAMEWORKS_FOLDER_PATH}/linphonetester.framework",
				"${TARGET_BUILD_DIR}/${FRAMEWORKS_FOLDER_PATH}/mediastreamer2.framework",
				"${TARGET_BUILD_DIR}/${FRAMEWORKS_FOLDER_PATH}/msamr.framework",
				"${TARGET_BUILD_DIR}/${FRAMEWORKS_FOLDER_PATH}/mscodec2.framework",
				"${TARGET_BUILD_DIR}/${FRAMEWORKS_FOLDER_PATH}/msopenh264.framework",
				"${TARGET_BUILD_DIR}/${FRAMEWORKS_FOLDER_PATH}/mssilk.framework",
				"${TARGET_BUILD_DIR}/${FRAMEWORKS_FOLDER_PATH}/mswebrtc.framework",
				"${TARGET_BUILD_DIR}/${FRAMEWORKS_FOLDER_PATH}/msx264.framework",
				"${TARGET_BUILD_DIR}/${FRAMEWORKS_FOLDER_PATH}/ortp.framework",
			);
			runOnlyForDeploymentPostprocessing = 0;
			shellPath = /bin/sh;
			shellScript = "\"${PODS_ROOT}/Target Support Files/Pods-Simlar/Pods-Simlar-frameworks.sh\"\n";
			showEnvVarsInLog = 0;
		};
		3BB8C26E19DA1FC7005452A3 /* ShellScript */ = {
			isa = PBXShellScriptBuildPhase;
			buildActionMask = 2147483647;
			files = (
			);
			inputPaths = (
			);
			outputPaths = (
			);
			runOnlyForDeploymentPostprocessing = 0;
			shellPath = /bin/sh;
			shellScript = "$SOURCE_ROOT/update-version.sh";
		};
		DBA389FD07C522D1C2F1D0A5 /* [CP] Check Pods Manifest.lock */ = {
			isa = PBXShellScriptBuildPhase;
			buildActionMask = 2147483647;
			files = (
			);
			inputPaths = (
				"${PODS_PODFILE_DIR_PATH}/Podfile.lock",
				"${PODS_ROOT}/Manifest.lock",
			);
			name = "[CP] Check Pods Manifest.lock";
			outputPaths = (
				"$(DERIVED_FILE_DIR)/Pods-Simlar-checkManifestLockResult.txt",
			);
			runOnlyForDeploymentPostprocessing = 0;
			shellPath = /bin/sh;
			shellScript = "diff \"${PODS_PODFILE_DIR_PATH}/Podfile.lock\" \"${PODS_ROOT}/Manifest.lock\" > /dev/null\nif [ $? != 0 ] ; then\n    # print error to STDERR\n    echo \"error: The sandbox is not in sync with the Podfile.lock. Run 'pod install' or update your CocoaPods installation.\" >&2\n    exit 1\nfi\n# This output is used by Xcode 'outputs' to avoid re-running this script phase.\necho \"SUCCESS\" > \"${SCRIPT_OUTPUT_FILE_0}\"\n";
			showEnvVarsInLog = 0;
		};
/* End PBXShellScriptBuildPhase section */

/* Begin PBXSourcesBuildPhase section */
		3BB653EE199060FB007655F8 /* Sources */ = {
			isa = PBXSourcesBuildPhase;
			buildActionMask = 2147483647;
			files = (
				3BB8744119ECF84B008B0845 /* SMLRUploadLogFile.m in Sources */,
				3BA3DF2619993A490050E19B /* SMLRLinphoneHandler.m in Sources */,
				3B326A961A1F055D0085F9A7 /* SMLRHttpsPostError.m in Sources */,
				3BFB5B5619C2EEA7003132FC /* SMLRPhoneManager.m in Sources */,
				16181AF21E3C000F00E7E8A6 /* SMLRSettingsChecker.m in Sources */,
				3BF86BEE199757F1003A08C4 /* SMLRAddressBookViewController.m in Sources */,
				3B91431919D0FFD9005BABAD /* SMLRLinphoneHandlerStatus.m in Sources */,
				3B46D30219DE3F22003A55E4 /* SMLRContactsProviderStatus.m in Sources */,
				3B4CA1C619CBF2E40006BA1A /* SMLRLogFormatter.m in Sources */,
				3BB6540F199060FB007655F8 /* SMLRAgreeViewController.m in Sources */,
				3B6FDD0019EE6DBA004A8A39 /* SMLRReportBug.m in Sources */,
				3B91431C19D1015A005BABAD /* SMLRCallStatus.m in Sources */,
				3B4CA66319E0DC9F00019519 /* SMLRLog.m in Sources */,
				3B86CEBA1B23485F00175F4B /* SMLRAudioOutputType.m in Sources */,
				3BBA84B819F5CB0400D11910 /* SMLRCallSoundManager.m in Sources */,
				3B5CEDA019FBD45000C4FF93 /* SMLRNetworkQuality.m in Sources */,
				3BF86BDC199597A6003A08C4 /* SMLRCreateAccount.m in Sources */,
				16E5C9551E6C957C0000FF4E /* SMLRContacts.m in Sources */,
				3BB65406199060FB007655F8 /* SMLRAppDelegate.m in Sources */,
				3BA3DF231998D4D30050E19B /* SMLRCallViewController.m in Sources */,
				3BF86BE2199718B4003A08C4 /* SMLRKeychain.m in Sources */,
				3B22BE781AF5280200C52A21 /* SMLRMicrophoneStatus.m in Sources */,
				3BF86BEB19973BBA003A08C4 /* SMLRCredentials.m in Sources */,
				3BFB5B5A19C92D9E003132FC /* SMLRPushNotifications.m in Sources */,
				3BF86BDF1996E10A003A08C4 /* SMLRVerifyNumberViewController.m in Sources */,
				16B73BED1E29A44F000B0FD3 /* SMLRNoAddressBookPermissionViewController.m in Sources */,
				3BAB8EFD1991819300677B71 /* SMLRCreateAccountViewController.m in Sources */,
				3BAB8F041993ED6300677B71 /* SMLRHttpsPost.m in Sources */,
				16D3F11623B4D951009B6131 /* SMLRProviderDelegate.m in Sources */,
				166260091E2AEB2500F6D6B3 /* SMLRAlert.m in Sources */,
				3B31C12519AAE57A009A78FD /* SMLRPhoneNumber.m in Sources */,
				3B29EDD519DA64DB00417164 /* SMLRContact.m in Sources */,
				3BB8744419EE3D92008B0845 /* SMLRStringCategory.m in Sources */,
				3B3FD31919AA5A5B002009EA /* SMLRContactsProvider.m in Sources */,
				3B1FC17F19B7ABCA00A81C4C /* SMLRStorePushId.m in Sources */,
				3BB65402199060FB007655F8 /* main.m in Sources */,
				3B4538A41997E7EF00DC58C5 /* SMLRSettings.m in Sources */,
				3B31C12A19ABC50F009A78FD /* SMLRGetContactStatus.m in Sources */,
				16B04B911CF24D3500A61C15 /* SMLRMissedCallLocalNotification.m in Sources */,
			);
			runOnlyForDeploymentPostprocessing = 0;
		};
		3BB65412199060FB007655F8 /* Sources */ = {
			isa = PBXSourcesBuildPhase;
			buildActionMask = 2147483647;
			files = (
				3BB65424199060FB007655F8 /* SimlarTests.m in Sources */,
			);
			runOnlyForDeploymentPostprocessing = 0;
		};
/* End PBXSourcesBuildPhase section */

/* Begin PBXTargetDependency section */
		3BB6541C199060FB007655F8 /* PBXTargetDependency */ = {
			isa = PBXTargetDependency;
			target = 3BB653F1199060FB007655F8 /* Simlar */;
			targetProxy = 3BB6541B199060FB007655F8 /* PBXContainerItemProxy */;
		};
/* End PBXTargetDependency section */

/* Begin PBXVariantGroup section */
		3B093E291A2D175400690BA4 /* LaunchScreen.xib */ = {
			isa = PBXVariantGroup;
			children = (
				3B093E2A1A2D175400690BA4 /* Base */,
			);
			name = LaunchScreen.xib;
			sourceTree = "<group>";
		};
		3BB653FE199060FB007655F8 /* InfoPlist.strings */ = {
			isa = PBXVariantGroup;
			children = (
				3BB653FF199060FB007655F8 /* en */,
			);
			name = InfoPlist.strings;
			sourceTree = "<group>";
		};
		3BB65407199060FB007655F8 /* Main.storyboard */ = {
			isa = PBXVariantGroup;
			children = (
				3BB65408199060FB007655F8 /* Base */,
			);
			name = Main.storyboard;
			sourceTree = "<group>";
		};
		3BB65420199060FB007655F8 /* InfoPlist.strings */ = {
			isa = PBXVariantGroup;
			children = (
				3BB65421199060FB007655F8 /* en */,
			);
			name = InfoPlist.strings;
			sourceTree = "<group>";
		};
/* End PBXVariantGroup section */

/* Begin XCBuildConfiguration section */
		3BB65425199060FB007655F8 /* Debug */ = {
			isa = XCBuildConfiguration;
			buildSettings = {
				ALWAYS_SEARCH_USER_PATHS = NO;
				CLANG_ANALYZER_LOCALIZABILITY_NONLOCALIZED = YES;
				CLANG_CXX_LANGUAGE_STANDARD = "gnu++0x";
				CLANG_CXX_LIBRARY = "libc++";
				CLANG_ENABLE_MODULES = YES;
				CLANG_ENABLE_OBJC_ARC = YES;
				CLANG_WARN_BLOCK_CAPTURE_AUTORELEASING = YES;
				CLANG_WARN_BOOL_CONVERSION = YES;
				CLANG_WARN_COMMA = YES;
				CLANG_WARN_CONSTANT_CONVERSION = YES;
				CLANG_WARN_DEPRECATED_OBJC_IMPLEMENTATIONS = YES;
				CLANG_WARN_DIRECT_OBJC_ISA_USAGE = YES_ERROR;
				CLANG_WARN_EMPTY_BODY = YES;
				CLANG_WARN_ENUM_CONVERSION = YES;
				CLANG_WARN_INFINITE_RECURSION = YES;
				CLANG_WARN_INT_CONVERSION = YES;
				CLANG_WARN_NON_LITERAL_NULL_CONVERSION = YES;
				CLANG_WARN_OBJC_IMPLICIT_RETAIN_SELF = NO;
				CLANG_WARN_OBJC_LITERAL_CONVERSION = YES;
				CLANG_WARN_OBJC_ROOT_CLASS = YES_ERROR;
				CLANG_WARN_RANGE_LOOP_ANALYSIS = YES;
				CLANG_WARN_STRICT_PROTOTYPES = NO;
				CLANG_WARN_SUSPICIOUS_MOVE = YES;
				CLANG_WARN_UNREACHABLE_CODE = YES;
				CLANG_WARN__DUPLICATE_METHOD_MATCH = YES;
				"CODE_SIGN_IDENTITY[sdk=iphoneos*]" = "iPhone Developer";
				COPY_PHASE_STRIP = NO;
				ENABLE_STRICT_OBJC_MSGSEND = YES;
				ENABLE_TESTABILITY = YES;
				GCC_C_LANGUAGE_STANDARD = gnu99;
				GCC_DYNAMIC_NO_PIC = NO;
				GCC_NO_COMMON_BLOCKS = YES;
				GCC_OPTIMIZATION_LEVEL = 0;
				GCC_PREPROCESSOR_DEFINITIONS = (
					"DEBUG=1",
					"$(inherited)",
				);
				GCC_SYMBOLS_PRIVATE_EXTERN = NO;
				GCC_WARN_64_TO_32_BIT_CONVERSION = YES;
				GCC_WARN_ABOUT_RETURN_TYPE = YES_ERROR;
				GCC_WARN_UNDECLARED_SELECTOR = YES;
				GCC_WARN_UNINITIALIZED_AUTOS = YES_AGGRESSIVE;
				GCC_WARN_UNUSED_FUNCTION = YES;
				GCC_WARN_UNUSED_VARIABLE = YES;
				IPHONEOS_DEPLOYMENT_TARGET = 9.1;
				ONLY_ACTIVE_ARCH = YES;
				SDKROOT = iphoneos;
				TARGETED_DEVICE_FAMILY = "1,2";
			};
			name = Debug;
		};
		3BB65426199060FB007655F8 /* Release */ = {
			isa = XCBuildConfiguration;
			buildSettings = {
				ALWAYS_SEARCH_USER_PATHS = NO;
				CLANG_ANALYZER_LOCALIZABILITY_NONLOCALIZED = YES;
				CLANG_CXX_LANGUAGE_STANDARD = "gnu++0x";
				CLANG_CXX_LIBRARY = "libc++";
				CLANG_ENABLE_MODULES = YES;
				CLANG_ENABLE_OBJC_ARC = YES;
				CLANG_WARN_BLOCK_CAPTURE_AUTORELEASING = YES;
				CLANG_WARN_BOOL_CONVERSION = YES;
				CLANG_WARN_COMMA = YES;
				CLANG_WARN_CONSTANT_CONVERSION = YES;
				CLANG_WARN_DEPRECATED_OBJC_IMPLEMENTATIONS = YES;
				CLANG_WARN_DIRECT_OBJC_ISA_USAGE = YES_ERROR;
				CLANG_WARN_EMPTY_BODY = YES;
				CLANG_WARN_ENUM_CONVERSION = YES;
				CLANG_WARN_INFINITE_RECURSION = YES;
				CLANG_WARN_INT_CONVERSION = YES;
				CLANG_WARN_NON_LITERAL_NULL_CONVERSION = YES;
				CLANG_WARN_OBJC_IMPLICIT_RETAIN_SELF = NO;
				CLANG_WARN_OBJC_LITERAL_CONVERSION = YES;
				CLANG_WARN_OBJC_ROOT_CLASS = YES_ERROR;
				CLANG_WARN_RANGE_LOOP_ANALYSIS = YES;
				CLANG_WARN_STRICT_PROTOTYPES = NO;
				CLANG_WARN_SUSPICIOUS_MOVE = YES;
				CLANG_WARN_UNREACHABLE_CODE = YES;
				CLANG_WARN__DUPLICATE_METHOD_MATCH = YES;
				"CODE_SIGN_IDENTITY[sdk=iphoneos*]" = "iPhone Developer";
				COPY_PHASE_STRIP = YES;
				ENABLE_NS_ASSERTIONS = NO;
				ENABLE_STRICT_OBJC_MSGSEND = YES;
				GCC_C_LANGUAGE_STANDARD = gnu99;
				GCC_NO_COMMON_BLOCKS = YES;
				GCC_WARN_64_TO_32_BIT_CONVERSION = YES;
				GCC_WARN_ABOUT_RETURN_TYPE = YES_ERROR;
				GCC_WARN_UNDECLARED_SELECTOR = YES;
				GCC_WARN_UNINITIALIZED_AUTOS = YES_AGGRESSIVE;
				GCC_WARN_UNUSED_FUNCTION = YES;
				GCC_WARN_UNUSED_VARIABLE = YES;
				IPHONEOS_DEPLOYMENT_TARGET = 9.1;
				SDKROOT = iphoneos;
				TARGETED_DEVICE_FAMILY = "1,2";
				VALIDATE_PRODUCT = YES;
			};
			name = Release;
		};
		3BB65428199060FB007655F8 /* Debug */ = {
			isa = XCBuildConfiguration;
			baseConfigurationReference = C9B70B4DD7B93C6439406463 /* Pods-Simlar.debug.xcconfig */;
			buildSettings = {
				ASSETCATALOG_COMPILER_APPICON_NAME = AppIcon;
				ASSETCATALOG_COMPILER_LAUNCHIMAGE_NAME = "";
				CODE_SIGN_ENTITLEMENTS = Simlar/Simlar.entitlements;
				DEVELOPMENT_TEAM = 9N9FX22363;
				FRAMEWORK_SEARCH_PATHS = "$(inherited)";
				GCC_PRECOMPILE_PREFIX_HEADER = YES;
				GCC_PREFIX_HEADER = "Simlar/Simlar-Prefix.pch";
				HEADER_SEARCH_PATHS = (
					"$(inherited)",
					/Applications/Xcode.app/Contents/Developer/Toolchains/XcodeDefault.xctoolchain/usr/include,
				);
				INFOPLIST_FILE = "Simlar/Simlar-Info.plist";
				IPHONEOS_DEPLOYMENT_TARGET = 9.1;
				LD_RUNPATH_SEARCH_PATHS = "$(inherited) @executable_path/Frameworks";
				LIBRARY_SEARCH_PATHS = "$(inherited)";
				PRODUCT_BUNDLE_IDENTIFIER = "org.simlar.${PRODUCT_NAME:rfc1034identifier}";
				PRODUCT_NAME = "$(TARGET_NAME)";
				TARGETED_DEVICE_FAMILY = "1,2";
				WRAPPER_EXTENSION = app;
			};
			name = Debug;
		};
		3BB65429199060FB007655F8 /* Release */ = {
			isa = XCBuildConfiguration;
			baseConfigurationReference = 438D67B1178379923BAB5B27 /* Pods-Simlar.release.xcconfig */;
			buildSettings = {
				ASSETCATALOG_COMPILER_APPICON_NAME = AppIcon;
				ASSETCATALOG_COMPILER_LAUNCHIMAGE_NAME = "";
				CODE_SIGN_ENTITLEMENTS = Simlar/Simlar.entitlements;
				DEVELOPMENT_TEAM = 9N9FX22363;
				FRAMEWORK_SEARCH_PATHS = "$(inherited)";
				GCC_PRECOMPILE_PREFIX_HEADER = YES;
				GCC_PREFIX_HEADER = "Simlar/Simlar-Prefix.pch";
				HEADER_SEARCH_PATHS = (
					"$(inherited)",
					/Applications/Xcode.app/Contents/Developer/Toolchains/XcodeDefault.xctoolchain/usr/include,
				);
				INFOPLIST_FILE = "Simlar/Simlar-Info.plist";
				IPHONEOS_DEPLOYMENT_TARGET = 9.1;
				LD_RUNPATH_SEARCH_PATHS = "$(inherited) @executable_path/Frameworks";
				LIBRARY_SEARCH_PATHS = "$(inherited)";
				PRODUCT_BUNDLE_IDENTIFIER = "org.simlar.${PRODUCT_NAME:rfc1034identifier}";
				PRODUCT_NAME = "$(TARGET_NAME)";
				TARGETED_DEVICE_FAMILY = "1,2";
				WRAPPER_EXTENSION = app;
			};
			name = Release;
		};
		3BB6542B199060FB007655F8 /* Debug */ = {
			isa = XCBuildConfiguration;
			baseConfigurationReference = 6179D25E1204079145252F4E /* Pods-SimlarTests.debug.xcconfig */;
			buildSettings = {
				BUNDLE_LOADER = "$(BUILT_PRODUCTS_DIR)/Simlar.app/Simlar";
				DEVELOPMENT_TEAM = 9N9FX22363;
				FRAMEWORK_SEARCH_PATHS = (
					"$(inherited)",
					"$(DEVELOPER_FRAMEWORKS_DIR)",
				);
				GCC_PRECOMPILE_PREFIX_HEADER = YES;
				GCC_PREFIX_HEADER = "Simlar/Simlar-Prefix.pch";
				GCC_PREPROCESSOR_DEFINITIONS = (
					"DEBUG=1",
					"$(inherited)",
				);
				INFOPLIST_FILE = "SimlarTests/SimlarTests-Info.plist";
				PRODUCT_BUNDLE_IDENTIFIER = "simlar.org.${PRODUCT_NAME:rfc1034identifier}";
				PRODUCT_NAME = "$(TARGET_NAME)";
				TEST_HOST = "$(BUNDLE_LOADER)";
				WRAPPER_EXTENSION = xctest;
			};
			name = Debug;
		};
		3BB6542C199060FB007655F8 /* Release */ = {
			isa = XCBuildConfiguration;
			baseConfigurationReference = A587B33663380CBCD7A4BD83 /* Pods-SimlarTests.release.xcconfig */;
			buildSettings = {
				BUNDLE_LOADER = "$(BUILT_PRODUCTS_DIR)/Simlar.app/Simlar";
				DEVELOPMENT_TEAM = 9N9FX22363;
				FRAMEWORK_SEARCH_PATHS = (
					"$(inherited)",
					"$(DEVELOPER_FRAMEWORKS_DIR)",
				);
				GCC_PRECOMPILE_PREFIX_HEADER = YES;
				GCC_PREFIX_HEADER = "Simlar/Simlar-Prefix.pch";
				INFOPLIST_FILE = "SimlarTests/SimlarTests-Info.plist";
				PRODUCT_BUNDLE_IDENTIFIER = "simlar.org.${PRODUCT_NAME:rfc1034identifier}";
				PRODUCT_NAME = "$(TARGET_NAME)";
				TEST_HOST = "$(BUNDLE_LOADER)";
				WRAPPER_EXTENSION = xctest;
			};
			name = Release;
		};
/* End XCBuildConfiguration section */

/* Begin XCConfigurationList section */
		3BB653ED199060FB007655F8 /* Build configuration list for PBXProject "Simlar" */ = {
			isa = XCConfigurationList;
			buildConfigurations = (
				3BB65425199060FB007655F8 /* Debug */,
				3BB65426199060FB007655F8 /* Release */,
			);
			defaultConfigurationIsVisible = 0;
			defaultConfigurationName = Release;
		};
		3BB65427199060FB007655F8 /* Build configuration list for PBXNativeTarget "Simlar" */ = {
			isa = XCConfigurationList;
			buildConfigurations = (
				3BB65428199060FB007655F8 /* Debug */,
				3BB65429199060FB007655F8 /* Release */,
			);
			defaultConfigurationIsVisible = 0;
			defaultConfigurationName = Release;
		};
		3BB6542A199060FB007655F8 /* Build configuration list for PBXNativeTarget "SimlarTests" */ = {
			isa = XCConfigurationList;
			buildConfigurations = (
				3BB6542B199060FB007655F8 /* Debug */,
				3BB6542C199060FB007655F8 /* Release */,
			);
			defaultConfigurationIsVisible = 0;
			defaultConfigurationName = Release;
		};
/* End XCConfigurationList section */
	};
	rootObject = 3BB653EA199060FB007655F8 /* Project object */;
}
